Microsoft Visual Studio Solution File, Format Version 12.00
# Visual Studio 15
Project("{8BC9CEB8-8B4A-11D0-8D11-00A0C91BC942}") = "ALL_BUILD", "ALL_BUILD.vcxproj", "{E7C01459-79B8-3AB4-8370-61FF722E1AA6}"
	ProjectSection(ProjectDependencies) = postProject
		{DBC8BB0E-6AA9-3459-B6BF-C8C72BE632AC} = {DBC8BB0E-6AA9-3459-B6BF-C8C72BE632AC}
		{DF6C4F0A-CF24-3521-B258-814159E260C2} = {DF6C4F0A-CF24-3521-B258-814159E260C2}
		{4D0E7FED-DEDB-33E3-A033-E2561288679D} = {4D0E7FED-DEDB-33E3-A033-E2561288679D}
		{F1AFA0CD-A80A-3199-B1D3-574303470FA8} = {F1AFA0CD-A80A-3199-B1D3-574303470FA8}
		{B994FC47-4D93-378E-A3F4-7877F31B5EDB} = {B994FC47-4D93-378E-A3F4-7877F31B5EDB}
		{1971F0D3-A1B1-3846-8962-0247E16D8DB2} = {1971F0D3-A1B1-3846-8962-0247E16D8DB2}
	EndProjectSection
EndProject
Project("{8BC9CEB8-8B4A-11D0-8D11-00A0C91BC942}") = "ZERO_CHECK", "ZERO_CHECK.vcxproj", "{DBC8BB0E-6AA9-3459-B6BF-C8C72BE632AC}"
	ProjectSection(ProjectDependencies) = postProject
	EndProjectSection
EndProject
Project("{8BC9CEB8-8B4A-11D0-8D11-00A0C91BC942}") = "gtest", "gtest\gtest.vcxproj", "{DF6C4F0A-CF24-3521-B258-814159E260C2}"
	ProjectSection(ProjectDependencies) = postProject
		{DBC8BB0E-6AA9-3459-B6BF-C8C72BE632AC} = {DBC8BB0E-6AA9-3459-B6BF-C8C72BE632AC}
	EndProjectSection
EndProject
Project("{8BC9CEB8-8B4A-11D0-8D11-00A0C91BC942}") = "sample_prime_numbers", "samples\sample_prime_numbers.vcxproj", "{4D0E7FED-DEDB-33E3-A033-E2561288679D}"
	ProjectSection(ProjectDependencies) = postProject
		{DBC8BB0E-6AA9-3459-B6BF-C8C72BE632AC} = {DBC8BB0E-6AA9-3459-B6BF-C8C72BE632AC}
		{F1AFA0CD-A80A-3199-B1D3-574303470FA8} = {F1AFA0CD-A80A-3199-B1D3-574303470FA8}
	EndProjectSection
EndProject
Project("{8BC9CEB8-8B4A-11D0-8D11-00A0C91BC942}") = "set", "src\set.vcxproj", "{F1AFA0CD-A80A-3199-B1D3-574303470FA8}"
	ProjectSection(ProjectDependencies) = postProject
		{DBC8BB0E-6AA9-3459-B6BF-C8C72BE632AC} = {DBC8BB0E-6AA9-3459-B6BF-C8C72BE632AC}
	EndProjectSection
EndProject
Project("{8BC9CEB8-8B4A-11D0-8D11-00A0C91BC942}") = "test_set", "test\test_set.vcxproj", "{B994FC47-4D93-378E-A3F4-7877F31B5EDB}"
	ProjectSection(ProjectDependencies) = postProject
		{DBC8BB0E-6AA9-3459-B6BF-C8C72BE632AC} = {DBC8BB0E-6AA9-3459-B6BF-C8C72BE632AC}
		{DF6C4F0A-CF24-3521-B258-814159E260C2} = {DF6C4F0A-CF24-3521-B258-814159E260C2}
		{F1AFA0CD-A80A-3199-B1D3-574303470FA8} = {F1AFA0CD-A80A-3199-B1D3-574303470FA8}
	EndProjectSection
EndProject
Project("{8BC9CEB8-8B4A-11D0-8D11-00A0C91BC942}") = "time_check", "time_check\time_check.vcxproj", "{1971F0D3-A1B1-3846-8962-0247E16D8DB2}"
	ProjectSection(ProjectDependencies) = postProject
		{DBC8BB0E-6AA9-3459-B6BF-C8C72BE632AC} = {DBC8BB0E-6AA9-3459-B6BF-C8C72BE632AC}
		{F1AFA0CD-A80A-3199-B1D3-574303470FA8} = {F1AFA0CD-A80A-3199-B1D3-574303470FA8}
	EndProjectSection
EndProject
Global
	GlobalSection(SolutionConfigurationPlatforms) = preSolution
		Debug|Win32 = Debug|Win32
		Release|Win32 = Release|Win32
	EndGlobalSection
	GlobalSection(ProjectConfigurationPlatforms) = postSolution
		{E7C01459-79B8-3AB4-8370-61FF722E1AA6}.Debug|Win32.ActiveCfg = Debug|Win32
		{E7C01459-79B8-3AB4-8370-61FF722E1AA6}.Release|Win32.ActiveCfg = Release|Win32
		{DBC8BB0E-6AA9-3459-B6BF-C8C72BE632AC}.Debug|Win32.ActiveCfg = Debug|Win32
		{DBC8BB0E-6AA9-3459-B6BF-C8C72BE632AC}.Debug|Win32.Build.0 = Debug|Win32
		{DBC8BB0E-6AA9-3459-B6BF-C8C72BE632AC}.Release|Win32.ActiveCfg = Release|Win32
		{DBC8BB0E-6AA9-3459-B6BF-C8C72BE632AC}.Release|Win32.Build.0 = Release|Win32
		{DF6C4F0A-CF24-3521-B258-814159E260C2}.Debug|Win32.ActiveCfg = Debug|Win32
		{DF6C4F0A-CF24-3521-B258-814159E260C2}.Debug|Win32.Build.0 = Debug|Win32
		{DF6C4F0A-CF24-3521-B258-814159E260C2}.Release|Win32.ActiveCfg = Release|Win32
		{DF6C4F0A-CF24-3521-B258-814159E260C2}.Release|Win32.Build.0 = Release|Win32
		{4D0E7FED-DEDB-33E3-A033-E2561288679D}.Debug|Win32.ActiveCfg = Debug|Win32
		{4D0E7FED-DEDB-33E3-A033-E2561288679D}.Debug|Win32.Build.0 = Debug|Win32
		{4D0E7FED-DEDB-33E3-A033-E2561288679D}.Release|Win32.ActiveCfg = Release|Win32
		{4D0E7FED-DEDB-33E3-A033-E2561288679D}.Release|Win32.Build.0 = Release|Win32
		{F1AFA0CD-A80A-3199-B1D3-574303470FA8}.Debug|Win32.ActiveCfg = Debug|Win32
		{F1AFA0CD-A80A-3199-B1D3-574303470FA8}.Debug|Win32.Build.0 = Debug|Win32
		{F1AFA0CD-A80A-3199-B1D3-574303470FA8}.Release|Win32.ActiveCfg = Release|Win32
		{F1AFA0CD-A80A-3199-B1D3-574303470FA8}.Release|Win32.Build.0 = Release|Win32
		{B994FC47-4D93-378E-A3F4-7877F31B5EDB}.Debug|Win32.ActiveCfg = Debug|Win32
		{B994FC47-4D93-378E-A3F4-7877F31B5EDB}.Debug|Win32.Build.0 = Debug|Win32
		{B994FC47-4D93-378E-A3F4-7877F31B5EDB}.Release|Win32.ActiveCfg = Release|Win32
		{B994FC47-4D93-378E-A3F4-7877F31B5EDB}.Release|Win32.Build.0 = Release|Win32
		{1971F0D3-A1B1-3846-8962-0247E16D8DB2}.Debug|Win32.ActiveCfg = Debug|Win32
		{1971F0D3-A1B1-3846-8962-0247E16D8DB2}.Debug|Win32.Build.0 = Debug|Win32
		{1971F0D3-A1B1-3846-8962-0247E16D8DB2}.Release|Win32.ActiveCfg = Release|Win32
		{1971F0D3-A1B1-3846-8962-0247E16D8DB2}.Release|Win32.Build.0 = Release|Win32
	EndGlobalSection
	GlobalSection(ExtensibilityGlobals) = postSolution
		SolutionGuid = {D40F992B-544C-360F-B8D4-344367789423}
	EndGlobalSection
	GlobalSection(ExtensibilityAddIns) = postSolution
	EndGlobalSection
EndGlobal
